
Microsoft Visual Studio Solution File, Format Version 12.00
# Visual Studio Version 17
VisualStudioVersion = 17.11.35327.3
MinimumVisualStudioVersion = 10.0.40219.1
Project("{FAE04EC0-301F-11D3-BF4B-00C04F79EFBC}") = "NotificationService.API", "NotificationService.API\NotificationService.API.csproj", "{7DAB9BDC-0BD9-4383-8104-3FDE76E48A4D}"
EndProject
Project("{FAE04EC0-301F-11D3-BF4B-00C04F79EFBC}") = "NotificationService.Core", "NotificationService.Core\NotificationService.Core.csproj", "{3FD7B023-5A91-416B-BF3D-E77D7184F575}"
EndProject
Project("{FAE04EC0-301F-11D3-BF4B-00C04F79EFBC}") = "NotificationService.Common", "NotificationService.Common\NotificationService.Common.csproj", "{763BE71F-40DD-4415-B725-6F314E24F890}"
EndProject
Project("{FAE04EC0-301F-11D3-BF4B-00C04F79EFBC}") = "NotificationService.App", "NotificationService.App\NotificationService.App.csproj", "{BBEAD0D5-D6B6-499F-8F09-53E25FB942B3}"
EndProject
Project("{FAE04EC0-301F-11D3-BF4B-00C04F79EFBC}") = "NotificationService.Infrastructure", "NotificationService.Infrastructure\NotificationService.Infrastructure.csproj", "{97DC8691-F135-4594-A768-0A6A38136279}"
EndProject
Global
	GlobalSection(SolutionConfigurationPlatforms) = preSolution
		Debug|Any CPU = Debug|Any CPU
		Release|Any CPU = Release|Any CPU
	EndGlobalSection
	GlobalSection(ProjectConfigurationPlatforms) = postSolution
		{7DAB9BDC-0BD9-4383-8104-3FDE76E48A4D}.Debug|Any CPU.ActiveCfg = Debug|Any CPU
		{7DAB9BDC-0BD9-4383-8104-3FDE76E48A4D}.Debug|Any CPU.Build.0 = Debug|Any CPU
		{7DAB9BDC-0BD9-4383-8104-3FDE76E48A4D}.Release|Any CPU.ActiveCfg = Release|Any CPU
		{7DAB9BDC-0BD9-4383-8104-3FDE76E48A4D}.Release|Any CPU.Build.0 = Release|Any CPU
		{3FD7B023-5A91-416B-BF3D-E77D7184F575}.Debug|Any CPU.ActiveCfg = Debug|Any CPU
		{3FD7B023-5A91-416B-BF3D-E77D7184F575}.Debug|Any CPU.Build.0 = Debug|Any CPU
		{3FD7B023-5A91-416B-BF3D-E77D7184F575}.Release|Any CPU.ActiveCfg = Release|Any CPU
		{3FD7B023-5A91-416B-BF3D-E77D7184F575}.Release|Any CPU.Build.0 = Release|Any CPU
		{763BE71F-40DD-4415-B725-6F314E24F890}.Debug|Any CPU.ActiveCfg = Debug|Any CPU
		{763BE71F-40DD-4415-B725-6F314E24F890}.Debug|Any CPU.Build.0 = Debug|Any CPU
		{763BE71F-40DD-4415-B725-6F314E24F890}.Release|Any CPU.ActiveCfg = Release|Any CPU
		{763BE71F-40DD-4415-B725-6F314E24F890}.Release|Any CPU.Build.0 = Release|Any CPU
		{BBEAD0D5-D6B6-499F-8F09-53E25FB942B3}.Debug|Any CPU.ActiveCfg = Debug|Any CPU
		{BBEAD0D5-D6B6-499F-8F09-53E25FB942B3}.Debug|Any CPU.Build.0 = Debug|Any CPU
		{BBEAD0D5-D6B6-499F-8F09-53E25FB942B3}.Release|Any CPU.ActiveCfg = Release|Any CPU
		{BBEAD0D5-D6B6-499F-8F09-53E25FB942B3}.Release|Any CPU.Build.0 = Release|Any CPU
		{97DC8691-F135-4594-A768-0A6A38136279}.Debug|Any CPU.ActiveCfg = Debug|Any CPU
		{97DC8691-F135-4594-A768-0A6A38136279}.Debug|Any CPU.Build.0 = Debug|Any CPU
		{97DC8691-F135-4594-A768-0A6A38136279}.Release|Any CPU.ActiveCfg = Release|Any CPU
		{97DC8691-F135-4594-A768-0A6A38136279}.Release|Any CPU.Build.0 = Release|Any CPU
	EndGlobalSection
	GlobalSection(SolutionProperties) = preSolution
		HideSolutionNode = FALSE
	EndGlobalSection
	GlobalSection(ExtensibilityGlobals) = postSolution
		SolutionGuid = {95CEA2B5-7C85-421D-842F-ABFB37E9BFBF}
	EndGlobalSection
EndGlobal
